<Solution>
  <Folder Name="/Elementi di soluzione/">
    <File Path="C-BSON.md" />
    <File Path="CONTRIBUTING.md" />
    <File Path="Directory.Build.props" />
    <File Path="LICENSE.txt" />
    <File Path="README.md" />
    <File Path="RFC.md" />
  </Folder>
  <Folder Name="/samples/">
    <Project Path="samples/BLite.BlazorWasm/BLite.BlazorWasm.csproj" />
    <Project Path="samples/BLite.AuditDashboard/BLite.AuditDashboard.csproj" />
  </Folder>
  <Folder Name="/src/">
    <Project Path="src/BLite.Bson/BLite.Bson.csproj" />
    <Project Path="src/BLite.Caching/BLite.Caching.csproj" />
    <Project Path="src/BLite.Core/BLite.Core.csproj" />
    <Project Path="src/BLite.SourceGenerators/BLite.SourceGenerators.csproj" />
    <Project Path="src/BLite.Wasm/BLite.Wasm.csproj" />
    <Project Path="src/BLite/BLite.csproj" />
  </Folder>
  <Folder Name="/tests/">
    <Project Path="tests/BLite.Benchmark/BLite.Benchmark.csproj" />
    <Project Path="tests/BLite.CheckpointTest/DocumentDb.CheckpointTest.csproj" />
    <Project Path="tests/BLite.ConsoleSample/BLite.ConsoleSample.csproj" />
    <Project Path="tests/BLite.Debug/BLite.Debug.csproj" />
    <Project Path="tests/BLite.NetStandard21.Tests/BLite.NetStandard21.Tests.csproj" />
    <Project Path="tests/BLite.Shared/BLite.Shared.csproj" Id="c1cb8033-8381-4f75-8a26-23ea9f8f8f4e" />
    <Project Path="tests/BLite.StressMonitor/BLite.StressMonitor.csproj" />
    <Project Path="tests/BLite.Tests/BLite.Tests.csproj" />
  </Folder>
  <Folder Name="/tools/">
    <Project Path="tools/BLite.Studio/BLite.Studio.csproj" />
  </Folder>
</Solution>
